// !$*UTF8*$!
{
	archiveVersion = 1;
	classes = {
	};
	objectVersion = 50;
	objects = {

/* Begin PBXBuildFile section */
		2DEBF9A9240A162D00D80CEC /* testWorker.cpp in Sources */ = {isa = PBXBuildFile; fileRef = 2DEBF9A8240A162D00D80CEC /* testWorker.cpp */; };
		2DEBF9B4240A3A2600D80CEC /* testLeader.cpp in Sources */ = {isa = PBXBuildFile; fileRef = 2DEBF9B3240A3A2600D80CEC /* testLeader.cpp */; };
/* End PBXBuildFile section */

/* Begin PBXCopyFilesBuildPhase section */
		2DEBF9A3240A162D00D80CEC /* CopyFiles */ = {
			isa = PBXCopyFilesBuildPhase;
			buildActionMask = 2147483647;
			dstPath = /usr/share/man/man1/;
			dstSubfolderSpec = 0;
			files = (
			);
			runOnlyForDeploymentPostprocessing = 1;
		};
/* End PBXCopyFilesBuildPhase section */

/* Begin PBXFileReference section */
		2DEBF9A5240A162D00D80CEC /* AS04 Lab 4A */ = {isa = PBXFileReference; explicitFileType = "compiled.mach-o.executable"; includeInIndex = 0; path = "AS04 Lab 4A"; sourceTree = BUILT_PRODUCTS_DIR; };
		2DEBF9A8240A162D00D80CEC /* testWorker.cpp */ = {isa = PBXFileReference; lastKnownFileType = sourcecode.cpp.cpp; path = testWorker.cpp; sourceTree = "<group>"; };
		2DEBF9AF240A256700D80CEC /* Employee.h */ = {isa = PBXFileReference; lastKnownFileType = sourcecode.c.h; path = Employee.h; sourceTree = "<group>"; };
		2DEBF9B0240A26ED00D80CEC /* ProductionWorker.h */ = {isa = PBXFileReference; lastKnownFileType = sourcecode.c.h; path = ProductionWorker.h; sourceTree = "<group>"; };
		2DEBF9B1240A323900D80CEC /* HireDate.h */ = {isa = PBXFileReference; lastKnownFileType = sourcecode.c.h; path = HireDate.h; sourceTree = "<group>"; };
		2DEBF9B2240A38F200D80CEC /* TeamLeader.h */ = {isa = PBXFileReference; lastKnownFileType = sourcecode.c.h; path = TeamLeader.h; sourceTree = "<group>"; };
		2DEBF9B3240A3A2600D80CEC /* testLeader.cpp */ = {isa = PBXFileReference; lastKnownFileType = sourcecode.cpp.cpp; path = testLeader.cpp; sourceTree = "<group>"; };
/* End PBXFileReference section */

/* Begin PBXFrameworksBuildPhase section */
		2DEBF9A2240A162D00D80CEC /* Frameworks */ = {
			isa = PBXFrameworksBuildPhase;
			buildActionMask = 2147483647;
			files = (
			);
			runOnlyForDeploymentPostprocessing = 0;
		};
/* End PBXFrameworksBuildPhase section */

/* Begin PBXGroup section */
		2DEBF99C240A162D00D80CEC = {
			isa = PBXGroup;
			children = (
				2DEBF9A7240A162D00D80CEC /* AS04 Lab 4A */,
				2DEBF9A6240A162D00D80CEC /* Products */,
			);
			sourceTree = "<group>";
		};
		2DEBF9A6240A162D00D80CEC /* Products */ = {
			isa = PBXGroup;
			children = (
				2DEBF9A5240A162D00D80CEC /* AS04 Lab 4A */,
			);
			name = Products;
			sourceTree = "<group>";
		};
		2DEBF9A7240A162D00D80CEC /* AS04 Lab 4A */ = {
			isa = PBXGroup;
			children = (
				2DEBF9A8240A162D00D80CEC /* testWorker.cpp */,
				2DEBF9B2240A38F200D80CEC /* TeamLeader.h */,
				2DEBF9B3240A3A2600D80CEC /* testLeader.cpp */,
				2DEBF9AF240A256700D80CEC /* Employee.h */,
				2DEBF9B1240A323900D80CEC /* HireDate.h */,
				2DEBF9B0240A26ED00D80CEC /* ProductionWorker.h */,
			);
			path = "AS04 Lab 4A";
			sourceTree = "<group>";
		};
/* End PBXGroup section */

/* Begin PBXNativeTarget section */
		2DEBF9A4240A162D00D80CEC /* AS04 Lab 4A */ = {
			isa = PBXNativeTarget;
			buildConfigurationList = 2DEBF9AC240A162D00D80CEC /* Build configuration list for PBXNativeTarget "AS04 Lab 4A" */;
			buildPhases = (
				2DEBF9A1240A162D00D80CEC /* Sources */,
				2DEBF9A2240A162D00D80CEC /* Frameworks */,
				2DEBF9A3240A162D00D80CEC /* CopyFiles */,
			);
			buildRules = (
			);
			dependencies = (
			);
			name = "AS04 Lab 4A";
			productName = "AS04 Lab 4A";
			productReference = 2DEBF9A5240A162D00D80CEC /* AS04 Lab 4A */;
			productType = "com.apple.product-type.tool";
		};
/* End PBXNativeTarget section */

/* Begin PBXProject section */
		2DEBF99D240A162D00D80CEC /* Project object */ = {
			isa = PBXProject;
			attributes = {
				LastUpgradeCheck = 1130;
				ORGANIZATIONNAME = "Elle Hoarau";
				TargetAttributes = {
					2DEBF9A4240A162D00D80CEC = {
						CreatedOnToolsVersion = 11.3.1;
					};
				};
			};
			buildConfigurationList = 2DEBF9A0240A162D00D80CEC /* Build configuration list for PBXProject "AS04 Lab 4A" */;
			compatibilityVersion = "Xcode 9.3";
			developmentRegion = en;
			hasScannedForEncodings = 0;
			knownRegions = (
				en,
				Base,
			);
			mainGroup = 2DEBF99C240A162D00D80CEC;
			productRefGroup = 2DEBF9A6240A162D00D80CEC /* Products */;
			projectDirPath = "";
			projectRoot = "";
			targets = (
				2DEBF9A4240A162D00D80CEC /* AS04 Lab 4A */,
			);
		};
/* End PBXProject section */

/* Begin PBXSourcesBuildPhase section */
		2DEBF9A1240A162D00D80CEC /* Sources */ = {
			isa = PBXSourcesBuildPhase;
			buildActionMask = 2147483647;
			files = (
				2DEBF9B4240A3A2600D80CEC /* testLeader.cpp in Sources */,
				2DEBF9A9240A162D00D80CEC /* testWorker.cpp in Sources */,
			);
			runOnlyForDeploymentPostprocessing = 0;
		};
/* End PBXSourcesBuildPhase section */

/* Begin XCBuildConfiguration section */
		2DEBF9AA240A162D00D80CEC /* Debug */ = {
			isa = XCBuildConfiguration;
			buildSettings = {
				ALWAYS_SEARCH_USER_PATHS = NO;
				CLANG_ANALYZER_NONNULL = YES;
				CLANG_ANALYZER_NUMBER_OBJECT_CONVERSION = YES_AGGRESSIVE;
				CLANG_CXX_LANGUAGE_STANDARD = "gnu++14";
				CLANG_CXX_LIBRARY = "libc++";
				CLANG_ENABLE_MODULES = YES;
				CLANG_ENABLE_OBJC_ARC = YES;
				CLANG_ENABLE_OBJC_WEAK = YES;
				CLANG_WARN_BLOCK_CAPTURE_AUTORELEASING = YES;
				CLANG_WARN_BOOL_CONVERSION = YES;
				CLANG_WARN_COMMA = YES;
				CLANG_WARN_CONSTANT_CONVERSION = YES;
				CLANG_WARN_DEPRECATED_OBJC_IMPLEMENTATIONS = YES;
				CLANG_WARN_DIRECT_OBJC_ISA_USAGE = YES_ERROR;
				CLANG_WARN_DOCUMENTATION_COMMENTS = YES;
				CLANG_WARN_EMPTY_BODY = YES;
				CLANG_WARN_ENUM_CONVERSION = YES;
				CLANG_WARN_INFINITE_RECURSION = YES;
				CLANG_WARN_INT_CONVERSION = YES;
				CLANG_WARN_NON_LITERAL_NULL_CONVERSION = YES;
				CLANG_WARN_OBJC_IMPLICIT_RETAIN_SELF = YES;
				CLANG_WARN_OBJC_LITERAL_CONVERSION = YES;
				CLANG_WARN_OBJC_ROOT_CLASS = YES_ERROR;
				CLANG_WARN_RANGE_LOOP_ANALYSIS = YES;
				CLANG_WARN_STRICT_PROTOTYPES = YES;
				CLANG_WARN_SUSPICIOUS_MOVE = YES;
				CLANG_WARN_UNGUARDED_AVAILABILITY = YES_AGGRESSIVE;
				CLANG_WARN_UNREACHABLE_CODE = YES;
				CLANG_WARN__DUPLICATE_METHOD_MATCH = YES;
				COPY_PHASE_STRIP = NO;
				DEBUG_INFORMATION_FORMAT = dwarf;
				ENABLE_STRICT_OBJC_MSGSEND = YES;
				ENABLE_TESTABILITY = YES;
				GCC_C_LANGUAGE_STANDARD = gnu11;
				GCC_DYNAMIC_NO_PIC = NO;
				GCC_NO_COMMON_BLOCKS = YES;
				GCC_OPTIMIZATION_LEVEL = 0;
				GCC_PREPROCESSOR_DEFINITIONS = (
					"DEBUG=1",
					"$(inherited)",
				);
				GCC_WARN_64_TO_32_BIT_CONVERSION = YES;
				GCC_WARN_ABOUT_RETURN_TYPE = YES_ERROR;
				GCC_WARN_UNDECLARED_SELECTOR = YES;
				GCC_WARN_UNINITIALIZED_AUTOS = YES_AGGRESSIVE;
				GCC_WARN_UNUSED_FUNCTION = YES;
				GCC_WARN_UNUSED_VARIABLE = YES;
				MACOSX_DEPLOYMENT_TARGET = 10.14;
				MTL_ENABLE_DEBUG_INFO = INCLUDE_SOURCE;
				MTL_FAST_MATH = YES;
				ONLY_ACTIVE_ARCH = YES;
				SDKROOT = macosx;
			};
			name = Debug;
		};
		2DEBF9AB240A162D00D80CEC /* Release */ = {
			isa = XCBuildConfiguration;
			buildSettings = {
				ALWAYS_SEARCH_USER_PATHS = NO;
				CLANG_ANALYZER_NONNULL = YES;
				CLANG_ANALYZER_NUMBER_OBJECT_CONVERSION = YES_AGGRESSIVE;
				CLANG_CXX_LANGUAGE_STANDARD = "gnu++14";
				CLANG_CXX_LIBRARY = "libc++";
				CLANG_ENABLE_MODULES = YES;
				CLANG_ENABLE_OBJC_ARC = YES;
				CLANG_ENABLE_OBJC_WEAK = YES;
				CLANG_WARN_BLOCK_CAPTURE_AUTORELEASING = YES;
				CLANG_WARN_BOOL_CONVERSION = YES;
				CLANG_WARN_COMMA = YES;
				CLANG_WARN_CONSTANT_CONVERSION = YES;
				CLANG_WARN_DEPRECATED_OBJC_IMPLEMENTATIONS = YES;
				CLANG_WARN_DIRECT_OBJC_ISA_USAGE = YES_ERROR;
				CLANG_WARN_DOCUMENTATION_COMMENTS = YES;
				CLANG_WARN_EMPTY_BODY = YES;
				CLANG_WARN_ENUM_CONVERSION = YES;
				CLANG_WARN_INFINITE_RECURSION = YES;
				CLANG_WARN_INT_CONVERSION = YES;
				CLANG_WARN_NON_LITERAL_NULL_CONVERSION = YES;
				CLANG_WARN_OBJC_IMPLICIT_RETAIN_SELF = YES;
				CLANG_WARN_OBJC_LITERAL_CONVERSION = YES;
				CLANG_WARN_OBJC_ROOT_CLASS = YES_ERROR;
				CLANG_WARN_RANGE_LOOP_ANALYSIS = YES;
				CLANG_WARN_STRICT_PROTOTYPES = YES;
				CLANG_WARN_SUSPICIOUS_MOVE = YES;
				CLANG_WARN_UNGUARDED_AVAILABILITY = YES_AGGRESSIVE;
				CLANG_WARN_UNREACHABLE_CODE = YES;
				CLANG_WARN__DUPLICATE_METHOD_MATCH = YES;
				COPY_PHASE_STRIP = NO;
				DEBUG_INFORMATION_FORMAT = "dwarf-with-dsym";
				ENABLE_NS_ASSERTIONS = NO;
				ENABLE_STRICT_OBJC_MSGSEND = YES;
				GCC_C_LANGUAGE_STANDARD = gnu11;
				GCC_NO_COMMON_BLOCKS = YES;
				GCC_WARN_64_TO_32_BIT_CONVERSION = YES;
				GCC_WARN_ABOUT_RETURN_TYPE = YES_ERROR;
				GCC_WARN_UNDECLARED_SELECTOR = YES;
				GCC_WARN_UNINITIALIZED_AUTOS = YES_AGGRESSIVE;
				GCC_WARN_UNUSED_FUNCTION = YES;
				GCC_WARN_UNUSED_VARIABLE = YES;
				MACOSX_DEPLOYMENT_TARGET = 10.14;
				MTL_ENABLE_DEBUG_INFO = NO;
				MTL_FAST_MATH = YES;
				SDKROOT = macosx;
			};
			name = Release;
		};
		2DEBF9AD240A162D00D80CEC /* Debug */ = {
			isa = XCBuildConfiguration;
			buildSettings = {
				CODE_SIGN_STYLE = Automatic;
				DEVELOPMENT_TEAM = 98F8YUW5W7;
				ENABLE_HARDENED_RUNTIME = YES;
				PRODUCT_NAME = "$(TARGET_NAME)";
			};
			name = Debug;
		};
		2DEBF9AE240A162D00D80CEC /* Release */ = {
			isa = XCBuildConfiguration;
			buildSettings = {
				CODE_SIGN_STYLE = Automatic;
				DEVELOPMENT_TEAM = 98F8YUW5W7;
				ENABLE_HARDENED_RUNTIME = YES;
				PRODUCT_NAME = "$(TARGET_NAME)";
			};
			name = Release;
		};
/* End XCBuildConfiguration section */

/* Begin XCConfigurationList section */
		2DEBF9A0240A162D00D80CEC /* Build configuration list for PBXProject "AS04 Lab 4A" */ = {
			isa = XCConfigurationList;
			buildConfigurations = (
				2DEBF9AA240A162D00D80CEC /* Debug */,
				2DEBF9AB240A162D00D80CEC /* Release */,
			);
			defaultConfigurationIsVisible = 0;
			defaultConfigurationName = Release;
		};
		2DEBF9AC240A162D00D80CEC /* Build configuration list for PBXNativeTarget "AS04 Lab 4A" */ = {
			isa = XCConfigurationList;
			buildConfigurations = (
				2DEBF9AD240A162D00D80CEC /* Debug */,
				2DEBF9AE240A162D00D80CEC /* Release */,
			);
			defaultConfigurationIsVisible = 0;
			defaultConfigurationName = Release;
		};
/* End XCConfigurationList section */
	};
	rootObject = 2DEBF99D240A162D00D80CEC /* Project object */;
}
